
Microsoft Visual Studio Solution File, Format Version 12.00
# Visual Studio Version 16
VisualStudioVersion = 16.0.29215.179
MinimumVisualStudioVersion = 10.0.40219.1
Project("{FAE04EC0-301F-11D3-BF4B-00C04F79EFBC}") = "Multibody", "Multibody\Multibody.csproj", "{F86FFC83-E020-4B22-BA84-FD6C1EBE8073}"
EndProject
Global
	GlobalSection(SolutionConfigurationPlatforms) = preSolution
		Debug|Any CPU = Debug|Any CPU
		Release|Any CPU = Release|Any CPU
	EndGlobalSection
	GlobalSection(ProjectConfigurationPlatforms) = postSolution
		{F86FFC83-E020-4B22-BA84-FD6C1EBE8073}.Debug|Any CPU.ActiveCfg = Debug|Any CPU
		{F86FFC83-E020-4B22-BA84-FD6C1EBE8073}.Debug|Any CPU.Build.0 = Debug|Any CPU
		{F86FFC83-E020-4B22-BA84-FD6C1EBE8073}.Release|Any CPU.ActiveCfg = Release|Any CPU
		{F86FFC83-E020-4B22-BA84-FD6C1EBE8073}.Release|Any CPU.Build.0 = Release|Any CPU
	EndGlobalSection
	GlobalSection(SolutionProperties) = preSolution
		HideSolutionNode = FALSE
	EndGlobalSection
	GlobalSection(ExtensibilityGlobals) = postSolution
		SolutionGuid = {45911706-8B7E-46C7-BBBF-5F34201E0598}
	EndGlobalSection
EndGlobal
